
Microsoft Visual Studio Solution File, Format Version 12.00
# Visual Studio 15
VisualStudioVersion = 15.0.27428.2037
MinimumVisualStudioVersion = 10.0.40219.1
Project("{9A19103F-16F7-4668-BE54-9A1E7A4F7556}") = "MindSung.Messaging", "src\MindSung.Messaging\MindSung.Messaging.csproj", "{6876FA41-BE9B-4AD3-9DBB-F6BBD19C9232}"
EndProject
Project("{2150E333-8FDC-42A3-9474-1A3956D46DE8}") = "src", "src", "{ACE4BD8C-7897-4B53-A530-0AD883722FCA}"
EndProject
Project("{2150E333-8FDC-42A3-9474-1A3956D46DE8}") = "test", "test", "{ECCF98A4-C554-4B89-8219-D3B657BBB492}"
EndProject
Project("{FAE04EC0-301F-11D3-BF4B-00C04F79EFBC}") = "MindSung.Test.Messaging", "test\MindSung.Test.Messaging\MindSung.Test.Messaging.csproj", "{4D67ED9A-EA11-40D2-A027-D4FE3595BA86}"
EndProject
Global
	GlobalSection(SolutionConfigurationPlatforms) = preSolution
		Debug|Any CPU = Debug|Any CPU
		Release|Any CPU = Release|Any CPU
	EndGlobalSection
	GlobalSection(ProjectConfigurationPlatforms) = postSolution
		{6876FA41-BE9B-4AD3-9DBB-F6BBD19C9232}.Debug|Any CPU.ActiveCfg = Debug|Any CPU
		{6876FA41-BE9B-4AD3-9DBB-F6BBD19C9232}.Debug|Any CPU.Build.0 = Debug|Any CPU
		{6876FA41-BE9B-4AD3-9DBB-F6BBD19C9232}.Release|Any CPU.ActiveCfg = Release|Any CPU
		{6876FA41-BE9B-4AD3-9DBB-F6BBD19C9232}.Release|Any CPU.Build.0 = Release|Any CPU
		{4D67ED9A-EA11-40D2-A027-D4FE3595BA86}.Debug|Any CPU.ActiveCfg = Debug|Any CPU
		{4D67ED9A-EA11-40D2-A027-D4FE3595BA86}.Debug|Any CPU.Build.0 = Debug|Any CPU
		{4D67ED9A-EA11-40D2-A027-D4FE3595BA86}.Release|Any CPU.ActiveCfg = Release|Any CPU
		{4D67ED9A-EA11-40D2-A027-D4FE3595BA86}.Release|Any CPU.Build.0 = Release|Any CPU
	EndGlobalSection
	GlobalSection(SolutionProperties) = preSolution
		HideSolutionNode = FALSE
	EndGlobalSection
	GlobalSection(NestedProjects) = preSolution
		{6876FA41-BE9B-4AD3-9DBB-F6BBD19C9232} = {ACE4BD8C-7897-4B53-A530-0AD883722FCA}
		{4D67ED9A-EA11-40D2-A027-D4FE3595BA86} = {ECCF98A4-C554-4B89-8219-D3B657BBB492}
	EndGlobalSection
	GlobalSection(ExtensibilityGlobals) = postSolution
		SolutionGuid = {35DFACBC-50B4-464A-951F-F211A0E20839}
	EndGlobalSection
EndGlobal
